
Microsoft Visual Studio Solution File, Format Version 12.00
# Visual Studio 14
VisualStudioVersion = 14.0.25420.1
MinimumVisualStudioVersion = 10.0.40219.1
Project("{FAE04EC0-301F-11D3-BF4B-00C04F79EFBC}") = "MyCaptchaCode", "MyCaptchaCode\MyCaptchaCode.csproj", "{883044B8-A36B-4B49-9A66-7C65D14E7AB2}"
EndProject
Project("{FAE04EC0-301F-11D3-BF4B-00C04F79EFBC}") = "MyCaptchaCode.Tests", "MyCaptchaCode.Tests\MyCaptchaCode.Tests.csproj", "{EE5AFE12-F1E0-435F-83FF-B9ABBAB0081E}"
EndProject
Project("{FAE04EC0-301F-11D3-BF4B-00C04F79EFBC}") = "MyCaptchaCodeCore", "MyCaptchaCodeCore\MyCaptchaCodeCore.csproj", "{D40B0A42-8301-4882-8C4A-BA7F3717CD7F}"
EndProject
Global
	GlobalSection(SolutionConfigurationPlatforms) = preSolution
		Debug|Any CPU = Debug|Any CPU
		Release|Any CPU = Release|Any CPU
	EndGlobalSection
	GlobalSection(ProjectConfigurationPlatforms) = postSolution
		{883044B8-A36B-4B49-9A66-7C65D14E7AB2}.Debug|Any CPU.ActiveCfg = Debug|Any CPU
		{883044B8-A36B-4B49-9A66-7C65D14E7AB2}.Debug|Any CPU.Build.0 = Debug|Any CPU
		{883044B8-A36B-4B49-9A66-7C65D14E7AB2}.Release|Any CPU.ActiveCfg = Release|Any CPU
		{883044B8-A36B-4B49-9A66-7C65D14E7AB2}.Release|Any CPU.Build.0 = Release|Any CPU
		{EE5AFE12-F1E0-435F-83FF-B9ABBAB0081E}.Debug|Any CPU.ActiveCfg = Debug|Any CPU
		{EE5AFE12-F1E0-435F-83FF-B9ABBAB0081E}.Debug|Any CPU.Build.0 = Debug|Any CPU
		{EE5AFE12-F1E0-435F-83FF-B9ABBAB0081E}.Release|Any CPU.ActiveCfg = Release|Any CPU
		{EE5AFE12-F1E0-435F-83FF-B9ABBAB0081E}.Release|Any CPU.Build.0 = Release|Any CPU
		{D40B0A42-8301-4882-8C4A-BA7F3717CD7F}.Debug|Any CPU.ActiveCfg = Debug|Any CPU
		{D40B0A42-8301-4882-8C4A-BA7F3717CD7F}.Debug|Any CPU.Build.0 = Debug|Any CPU
		{D40B0A42-8301-4882-8C4A-BA7F3717CD7F}.Release|Any CPU.ActiveCfg = Release|Any CPU
		{D40B0A42-8301-4882-8C4A-BA7F3717CD7F}.Release|Any CPU.Build.0 = Release|Any CPU
	EndGlobalSection
	GlobalSection(SolutionProperties) = preSolution
		HideSolutionNode = FALSE
	EndGlobalSection
EndGlobal
